
Microsoft Visual Studio Solution File, Format Version 12.00
# Visual Studio Version 17
VisualStudioVersion = 17.9.34622.214
MinimumVisualStudioVersion = 10.0.40219.1
Project("{2150E333-8FDC-42A3-9474-1A3956D46DE8}") = "Services", "Services", "{9E5C7D71-035D-4FED-AE04-5B65D3EDF8D7}"
EndProject
Project("{9A19103F-16F7-4668-BE54-9A1E7A4F7556}") = "TheaterService", "Services\TheaterService\TheaterService.csproj", "{013B7C44-36EA-4C19-8901-2C705FCC0377}"
EndProject
Project("{2150E333-8FDC-42A3-9474-1A3956D46DE8}") = "APIGateWay", "APIGateWay", "{ECB63B92-7A30-4F6C-B067-11F0BC3050BA}"
EndProject
Project("{9A19103F-16F7-4668-BE54-9A1E7A4F7556}") = "APIGateway", "APIGateway\APIGateway\APIGateway.csproj", "{7399C762-A703-4D20-A16D-8691449863AF}"
EndProject
Project("{2150E333-8FDC-42A3-9474-1A3956D46DE8}") = "MessageBroker", "MessageBroker", "{6D28CF39-8CA4-4E4D-BA5C-88332BAC3632}"
EndProject
Project("{9A19103F-16F7-4668-BE54-9A1E7A4F7556}") = "RabbitMQ", "RabbitMQ\RabbitMQ.csproj", "{D322705B-6145-4969-B4BD-9DCFA6010263}"
EndProject
Project("{9A19103F-16F7-4668-BE54-9A1E7A4F7556}") = "ScheduleService", "Services\ScheduleService\ScheduleService.csproj", "{28A9475A-257A-4DE3-95F9-59D07375F1E2}"
EndProject
Project("{9A19103F-16F7-4668-BE54-9A1E7A4F7556}") = "MovieService", "Services\MovieService\MovieService.csproj", "{CE4C9DE1-8886-4C38-B7DF-8500C7ADD133}"
EndProject
Project("{9A19103F-16F7-4668-BE54-9A1E7A4F7556}") = "AuthenticationService", "Services\AuthenticationService\AuthenticationService.csproj", "{5DBBA01F-094B-4196-B9A4-CF3F34F45CB1}"
EndProject
Project("{FAE04EC0-301F-11D3-BF4B-00C04F79EFBC}") = "CustomerService", "Services\CustomerService\CustomerService.csproj", "{F5D77AD0-CBCD-4026-A205-3402F874EB7A}"
EndProject
Global
	GlobalSection(SolutionConfigurationPlatforms) = preSolution
		Debug|Any CPU = Debug|Any CPU
		Release|Any CPU = Release|Any CPU
	EndGlobalSection
	GlobalSection(ProjectConfigurationPlatforms) = postSolution
		{013B7C44-36EA-4C19-8901-2C705FCC0377}.Debug|Any CPU.ActiveCfg = Debug|Any CPU
		{013B7C44-36EA-4C19-8901-2C705FCC0377}.Debug|Any CPU.Build.0 = Debug|Any CPU
		{013B7C44-36EA-4C19-8901-2C705FCC0377}.Release|Any CPU.ActiveCfg = Release|Any CPU
		{013B7C44-36EA-4C19-8901-2C705FCC0377}.Release|Any CPU.Build.0 = Release|Any CPU
		{7399C762-A703-4D20-A16D-8691449863AF}.Debug|Any CPU.ActiveCfg = Debug|Any CPU
		{7399C762-A703-4D20-A16D-8691449863AF}.Debug|Any CPU.Build.0 = Debug|Any CPU
		{7399C762-A703-4D20-A16D-8691449863AF}.Release|Any CPU.ActiveCfg = Release|Any CPU
		{7399C762-A703-4D20-A16D-8691449863AF}.Release|Any CPU.Build.0 = Release|Any CPU
		{D322705B-6145-4969-B4BD-9DCFA6010263}.Debug|Any CPU.ActiveCfg = Debug|Any CPU
		{D322705B-6145-4969-B4BD-9DCFA6010263}.Debug|Any CPU.Build.0 = Debug|Any CPU
		{D322705B-6145-4969-B4BD-9DCFA6010263}.Release|Any CPU.ActiveCfg = Release|Any CPU
		{D322705B-6145-4969-B4BD-9DCFA6010263}.Release|Any CPU.Build.0 = Release|Any CPU
		{28A9475A-257A-4DE3-95F9-59D07375F1E2}.Debug|Any CPU.ActiveCfg = Debug|Any CPU
		{28A9475A-257A-4DE3-95F9-59D07375F1E2}.Debug|Any CPU.Build.0 = Debug|Any CPU
		{28A9475A-257A-4DE3-95F9-59D07375F1E2}.Release|Any CPU.ActiveCfg = Release|Any CPU
		{28A9475A-257A-4DE3-95F9-59D07375F1E2}.Release|Any CPU.Build.0 = Release|Any CPU
		{CE4C9DE1-8886-4C38-B7DF-8500C7ADD133}.Debug|Any CPU.ActiveCfg = Debug|Any CPU
		{CE4C9DE1-8886-4C38-B7DF-8500C7ADD133}.Debug|Any CPU.Build.0 = Debug|Any CPU
		{CE4C9DE1-8886-4C38-B7DF-8500C7ADD133}.Release|Any CPU.ActiveCfg = Release|Any CPU
		{CE4C9DE1-8886-4C38-B7DF-8500C7ADD133}.Release|Any CPU.Build.0 = Release|Any CPU
		{5DBBA01F-094B-4196-B9A4-CF3F34F45CB1}.Debug|Any CPU.ActiveCfg = Debug|Any CPU
		{5DBBA01F-094B-4196-B9A4-CF3F34F45CB1}.Debug|Any CPU.Build.0 = Debug|Any CPU
		{5DBBA01F-094B-4196-B9A4-CF3F34F45CB1}.Release|Any CPU.ActiveCfg = Release|Any CPU
		{5DBBA01F-094B-4196-B9A4-CF3F34F45CB1}.Release|Any CPU.Build.0 = Release|Any CPU
		{F5D77AD0-CBCD-4026-A205-3402F874EB7A}.Debug|Any CPU.ActiveCfg = Debug|Any CPU
		{F5D77AD0-CBCD-4026-A205-3402F874EB7A}.Debug|Any CPU.Build.0 = Debug|Any CPU
		{F5D77AD0-CBCD-4026-A205-3402F874EB7A}.Release|Any CPU.ActiveCfg = Release|Any CPU
		{F5D77AD0-CBCD-4026-A205-3402F874EB7A}.Release|Any CPU.Build.0 = Release|Any CPU
	EndGlobalSection
	GlobalSection(SolutionProperties) = preSolution
		HideSolutionNode = FALSE
	EndGlobalSection
	GlobalSection(NestedProjects) = preSolution
		{013B7C44-36EA-4C19-8901-2C705FCC0377} = {9E5C7D71-035D-4FED-AE04-5B65D3EDF8D7}
		{7399C762-A703-4D20-A16D-8691449863AF} = {ECB63B92-7A30-4F6C-B067-11F0BC3050BA}
		{D322705B-6145-4969-B4BD-9DCFA6010263} = {6D28CF39-8CA4-4E4D-BA5C-88332BAC3632}
		{28A9475A-257A-4DE3-95F9-59D07375F1E2} = {9E5C7D71-035D-4FED-AE04-5B65D3EDF8D7}
		{CE4C9DE1-8886-4C38-B7DF-8500C7ADD133} = {9E5C7D71-035D-4FED-AE04-5B65D3EDF8D7}
		{5DBBA01F-094B-4196-B9A4-CF3F34F45CB1} = {9E5C7D71-035D-4FED-AE04-5B65D3EDF8D7}
		{F5D77AD0-CBCD-4026-A205-3402F874EB7A} = {9E5C7D71-035D-4FED-AE04-5B65D3EDF8D7}
	EndGlobalSection
	GlobalSection(ExtensibilityGlobals) = postSolution
		SolutionGuid = {3143ECA9-4E22-4315-A9C3-F29DD52CD1A6}
	EndGlobalSection
EndGlobal
